
Microsoft Visual Studio Solution File, Format Version 12.00
# Visual Studio 15
Project("{FAE04EC0-301F-11D3-BF4B-00C04F79EFBC}") = "Assembly-CSharp", "Assembly-CSharp.csproj", "{17D97722-1E5B-3DAC-B3AE-3BA07848C3B9}"
EndProject
Global
	GlobalSection(SolutionConfigurationPlatforms) = preSolution
		Debug|Any CPU = Debug|Any CPU
		Release|Any CPU = Release|Any CPU
	EndGlobalSection
	GlobalSection(ProjectConfigurationPlatforms) = postSolution
		{17D97722-1E5B-3DAC-B3AE-3BA07848C3B9}.Debug|Any CPU.ActiveCfg = Debug|Any CPU
		{17D97722-1E5B-3DAC-B3AE-3BA07848C3B9}.Debug|Any CPU.Build.0 = Debug|Any CPU
		{17D97722-1E5B-3DAC-B3AE-3BA07848C3B9}.Release|Any CPU.ActiveCfg = Release|Any CPU
		{17D97722-1E5B-3DAC-B3AE-3BA07848C3B9}.Release|Any CPU.Build.0 = Release|Any CPU
	EndGlobalSection
	GlobalSection(SolutionProperties) = preSolution
		HideSolutionNode = FALSE
	EndGlobalSection
EndGlobal
